
Microsoft Visual Studio Solution File, Format Version 12.00
# Visual Studio 15
VisualStudioVersion = 15.0.27703.2042
MinimumVisualStudioVersion = 10.0.40219.1
Project("{FAE04EC0-301F-11D3-BF4B-00C04F79EFBC}") = "Calculator2", "Calculator2\Calculator2.csproj", "{EC7F1DB2-0682-4E56-B6C8-80D769ABA3DC}"
EndProject
Global
	GlobalSection(SolutionConfigurationPlatforms) = preSolution
		Debug|Any CPU = Debug|Any CPU
		Release|Any CPU = Release|Any CPU
	EndGlobalSection
	GlobalSection(ProjectConfigurationPlatforms) = postSolution
		{EC7F1DB2-0682-4E56-B6C8-80D769ABA3DC}.Debug|Any CPU.ActiveCfg = Debug|Any CPU
		{EC7F1DB2-0682-4E56-B6C8-80D769ABA3DC}.Debug|Any CPU.Build.0 = Debug|Any CPU
		{EC7F1DB2-0682-4E56-B6C8-80D769ABA3DC}.Release|Any CPU.ActiveCfg = Release|Any CPU
		{EC7F1DB2-0682-4E56-B6C8-80D769ABA3DC}.Release|Any CPU.Build.0 = Release|Any CPU
	EndGlobalSection
	GlobalSection(SolutionProperties) = preSolution
		HideSolutionNode = FALSE
	EndGlobalSection
	GlobalSection(ExtensibilityGlobals) = postSolution
		SolutionGuid = {1DF95CDD-7383-4D4D-A3DB-3DEBE975520F}
	EndGlobalSection
EndGlobal
